
Microsoft Visual Studio Solution File, Format Version 12.00
Project("{FAE04EC0-301F-11D3-BF4B-00C04F79EFBC}") = "KidsActivities.Domain", "src\KidsActivities.Domain\KidsActivities.Domain.csproj", "{C6B8A670-A8D6-40E5-A94C-889D12A737CA}"
EndProject
Project("{FAE04EC0-301F-11D3-BF4B-00C04F79EFBC}") = "KidsActivities.Application", "src\KidsActivities.Application\KidsActivities.Application.csproj", "{F00E8A24-13C1-448B-9D05-E030F4005338}"
EndProject
Project("{FAE04EC0-301F-11D3-BF4B-00C04F79EFBC}") = "KidsActivities.Infrastructure", "src\KidsActivities.Infrastructure\KidsActivities.Infrastructure.csproj", "{2DA7E27D-5A80-4FE3-AE42-A999B74E5E51}"
EndProject
Project("{FAE04EC0-301F-11D3-BF4B-00C04F79EFBC}") = "KidsActivities.API", "src\KidsActivities.API \KidsActivities.API.csproj", "{84709FB3-6C78-43BD-9137-079104934B50}"
EndProject
Global
	GlobalSection(SolutionConfigurationPlatforms) = preSolution
		Debug|Any CPU = Debug|Any CPU
		Release|Any CPU = Release|Any CPU
	EndGlobalSection
	GlobalSection(ProjectConfigurationPlatforms) = postSolution
		{C6B8A670-A8D6-40E5-A94C-889D12A737CA}.Debug|Any CPU.ActiveCfg = Debug|Any CPU
		{C6B8A670-A8D6-40E5-A94C-889D12A737CA}.Debug|Any CPU.Build.0 = Debug|Any CPU
		{C6B8A670-A8D6-40E5-A94C-889D12A737CA}.Release|Any CPU.ActiveCfg = Release|Any CPU
		{C6B8A670-A8D6-40E5-A94C-889D12A737CA}.Release|Any CPU.Build.0 = Release|Any CPU
		{F00E8A24-13C1-448B-9D05-E030F4005338}.Debug|Any CPU.ActiveCfg = Debug|Any CPU
		{F00E8A24-13C1-448B-9D05-E030F4005338}.Debug|Any CPU.Build.0 = Debug|Any CPU
		{F00E8A24-13C1-448B-9D05-E030F4005338}.Release|Any CPU.ActiveCfg = Release|Any CPU
		{F00E8A24-13C1-448B-9D05-E030F4005338}.Release|Any CPU.Build.0 = Release|Any CPU
		{2DA7E27D-5A80-4FE3-AE42-A999B74E5E51}.Debug|Any CPU.ActiveCfg = Debug|Any CPU
		{2DA7E27D-5A80-4FE3-AE42-A999B74E5E51}.Debug|Any CPU.Build.0 = Debug|Any CPU
		{2DA7E27D-5A80-4FE3-AE42-A999B74E5E51}.Release|Any CPU.ActiveCfg = Release|Any CPU
		{2DA7E27D-5A80-4FE3-AE42-A999B74E5E51}.Release|Any CPU.Build.0 = Release|Any CPU
		{84709FB3-6C78-43BD-9137-079104934B50}.Debug|Any CPU.ActiveCfg = Debug|Any CPU
		{84709FB3-6C78-43BD-9137-079104934B50}.Debug|Any CPU.Build.0 = Debug|Any CPU
		{84709FB3-6C78-43BD-9137-079104934B50}.Release|Any CPU.ActiveCfg = Release|Any CPU
		{84709FB3-6C78-43BD-9137-079104934B50}.Release|Any CPU.Build.0 = Release|Any CPU
	EndGlobalSection
EndGlobal
